
Microsoft Visual Studio Solution File, Format Version 12.00
# Visual Studio Version 17
VisualStudioVersion = 17.1.32210.238
MinimumVisualStudioVersion = 10.0.40219.1
Project("{FAE04EC0-301F-11D3-BF4B-00C04F79EFBC}") = "Product_APi", "Product_APi\Product_APi.csproj", "{FDD928A2-1746-4364-8814-E1397E3E0AB4}"
EndProject
Project("{FAE04EC0-301F-11D3-BF4B-00C04F79EFBC}") = "DAL", "DAL\DAL.csproj", "{EA950B33-2DC9-473C-B186-3F6654F10E4A}"
EndProject
Project("{FAE04EC0-301F-11D3-BF4B-00C04F79EFBC}") = "BLL", "BLL\BLL.csproj", "{B63199E7-C97F-4DAD-A3AB-472D13AC97F1}"
EndProject
Global
	GlobalSection(SolutionConfigurationPlatforms) = preSolution
		Debug|Any CPU = Debug|Any CPU
		Release|Any CPU = Release|Any CPU
	EndGlobalSection
	GlobalSection(ProjectConfigurationPlatforms) = postSolution
		{FDD928A2-1746-4364-8814-E1397E3E0AB4}.Debug|Any CPU.ActiveCfg = Debug|Any CPU
		{FDD928A2-1746-4364-8814-E1397E3E0AB4}.Debug|Any CPU.Build.0 = Debug|Any CPU
		{FDD928A2-1746-4364-8814-E1397E3E0AB4}.Release|Any CPU.ActiveCfg = Release|Any CPU
		{FDD928A2-1746-4364-8814-E1397E3E0AB4}.Release|Any CPU.Build.0 = Release|Any CPU
		{EA950B33-2DC9-473C-B186-3F6654F10E4A}.Debug|Any CPU.ActiveCfg = Debug|Any CPU
		{EA950B33-2DC9-473C-B186-3F6654F10E4A}.Debug|Any CPU.Build.0 = Debug|Any CPU
		{EA950B33-2DC9-473C-B186-3F6654F10E4A}.Release|Any CPU.ActiveCfg = Release|Any CPU
		{EA950B33-2DC9-473C-B186-3F6654F10E4A}.Release|Any CPU.Build.0 = Release|Any CPU
		{B63199E7-C97F-4DAD-A3AB-472D13AC97F1}.Debug|Any CPU.ActiveCfg = Debug|Any CPU
		{B63199E7-C97F-4DAD-A3AB-472D13AC97F1}.Debug|Any CPU.Build.0 = Debug|Any CPU
		{B63199E7-C97F-4DAD-A3AB-472D13AC97F1}.Release|Any CPU.ActiveCfg = Release|Any CPU
		{B63199E7-C97F-4DAD-A3AB-472D13AC97F1}.Release|Any CPU.Build.0 = Release|Any CPU
	EndGlobalSection
	GlobalSection(SolutionProperties) = preSolution
		HideSolutionNode = FALSE
	EndGlobalSection
	GlobalSection(ExtensibilityGlobals) = postSolution
		SolutionGuid = {DFA547BB-52BB-4A66-A3F7-BAF970CAB773}
	EndGlobalSection
EndGlobal
